
Microsoft Visual Studio Solution File, Format Version 12.00
# Visual Studio Version 17
VisualStudioVersion = 17.4.33213.308
MinimumVisualStudioVersion = 10.0.40219.1
Project("{FAE04EC0-301F-11D3-BF4B-00C04F79EFBC}") = "sqrt", "sqrt.csproj", "{565DE17B-E33F-48FF-8F7E-710E5F50482C}"
EndProject
Project("{FAE04EC0-301F-11D3-BF4B-00C04F79EFBC}") = "raspisanie", "..\raspisanie\raspisanie.csproj", "{C61F76C4-19E1-4CA2-B453-B6266DCDC8F3}"
EndProject
Global
	GlobalSection(SolutionConfigurationPlatforms) = preSolution
		Debug|Any CPU = Debug|Any CPU
		Release|Any CPU = Release|Any CPU
	EndGlobalSection
	GlobalSection(ProjectConfigurationPlatforms) = postSolution
		{565DE17B-E33F-48FF-8F7E-710E5F50482C}.Debug|Any CPU.ActiveCfg = Debug|Any CPU
		{565DE17B-E33F-48FF-8F7E-710E5F50482C}.Debug|Any CPU.Build.0 = Debug|Any CPU
		{565DE17B-E33F-48FF-8F7E-710E5F50482C}.Release|Any CPU.ActiveCfg = Release|Any CPU
		{565DE17B-E33F-48FF-8F7E-710E5F50482C}.Release|Any CPU.Build.0 = Release|Any CPU
		{C61F76C4-19E1-4CA2-B453-B6266DCDC8F3}.Debug|Any CPU.ActiveCfg = Debug|Any CPU
		{C61F76C4-19E1-4CA2-B453-B6266DCDC8F3}.Debug|Any CPU.Build.0 = Debug|Any CPU
		{C61F76C4-19E1-4CA2-B453-B6266DCDC8F3}.Release|Any CPU.ActiveCfg = Release|Any CPU
		{C61F76C4-19E1-4CA2-B453-B6266DCDC8F3}.Release|Any CPU.Build.0 = Release|Any CPU
	EndGlobalSection
	GlobalSection(SolutionProperties) = preSolution
		HideSolutionNode = FALSE
	EndGlobalSection
	GlobalSection(ExtensibilityGlobals) = postSolution
		SolutionGuid = {F966787F-6988-4B15-A9B8-1577A39F827E}
	EndGlobalSection
EndGlobal
